
Microsoft Visual Studio Solution File, Format Version 12.00
# Visual Studio Version 17
VisualStudioVersion = 17.0.31903.59
MinimumVisualStudioVersion = 10.0.40219.1
Project("{8BC9CEB8-8B4A-11D0-8D11-00A0C91BC942}") = "Autograd", "Autograd\Autograd.vcxproj", "{E1C860EB-A023-4209-A657-2A3122245B60}"
EndProject
Project("{2150E333-8FDC-42A3-9474-1A3956D46DE8}") = "Solution Items", "Solution Items", "{23D0F623-601B-4E1E-ADB3-892B78E152D4}"
	ProjectSection(SolutionItems) = preProject
		Autograd\matplotlib_cppConfig.cmake.in = Autograd\matplotlib_cppConfig.cmake.in
	EndProjectSection
EndProject
Global
	GlobalSection(SolutionConfigurationPlatforms) = preSolution
		Debug|x64 = Debug|x64
		Debug|x86 = Debug|x86
		Release|x64 = Release|x64
		Release|x86 = Release|x86
	EndGlobalSection
	GlobalSection(ProjectConfigurationPlatforms) = postSolution
		{E1C860EB-A023-4209-A657-2A3122245B60}.Debug|x64.ActiveCfg = Debug|x64
		{E1C860EB-A023-4209-A657-2A3122245B60}.Debug|x64.Build.0 = Debug|x64
		{E1C860EB-A023-4209-A657-2A3122245B60}.Debug|x86.ActiveCfg = Debug|Win32
		{E1C860EB-A023-4209-A657-2A3122245B60}.Debug|x86.Build.0 = Debug|Win32
		{E1C860EB-A023-4209-A657-2A3122245B60}.Release|x64.ActiveCfg = Release|x64
		{E1C860EB-A023-4209-A657-2A3122245B60}.Release|x64.Build.0 = Release|x64
		{E1C860EB-A023-4209-A657-2A3122245B60}.Release|x86.ActiveCfg = Release|Win32
		{E1C860EB-A023-4209-A657-2A3122245B60}.Release|x86.Build.0 = Release|Win32
	EndGlobalSection
	GlobalSection(SolutionProperties) = preSolution
		HideSolutionNode = FALSE
	EndGlobalSection
	GlobalSection(ExtensibilityGlobals) = postSolution
		SolutionGuid = {FC1DFB6E-7D6D-48F5-9DC2-8D87692994AE}
	EndGlobalSection
EndGlobal
